
Microsoft Visual Studio Solution File, Format Version 11.00
# Visual Studio 2010
Project("{FAE04EC0-301F-11D3-BF4B-00C04F79EFBC}") = "Gustaf.Lab1.Web", "Gustaf.Lab1.Web.csproj", "{9448D0BF-37AC-4F29-AD77-AF7B7CEC9698}"
EndProject
Global
	GlobalSection(SolutionConfigurationPlatforms) = preSolution
		Debug|Any CPU = Debug|Any CPU
		Release|Any CPU = Release|Any CPU
	EndGlobalSection
	GlobalSection(ProjectConfigurationPlatforms) = postSolution
		{9448D0BF-37AC-4F29-AD77-AF7B7CEC9698}.Debug|Any CPU.ActiveCfg = Debug|Any CPU
		{9448D0BF-37AC-4F29-AD77-AF7B7CEC9698}.Debug|Any CPU.Build.0 = Debug|Any CPU
		{9448D0BF-37AC-4F29-AD77-AF7B7CEC9698}.Release|Any CPU.ActiveCfg = Release|Any CPU
		{9448D0BF-37AC-4F29-AD77-AF7B7CEC9698}.Release|Any CPU.Build.0 = Release|Any CPU
	EndGlobalSection
	GlobalSection(SolutionProperties) = preSolution
		HideSolutionNode = FALSE
	EndGlobalSection
EndGlobal
